// !$*UTF8*$!
{
	archiveVersion = 1;
	classes = {
	};
	objectVersion = 55;
	objects = {

/* Begin PBXBuildFile section */
		713DC6B4285396ED00AB0051 /* ChartRundownApp.swift in Sources */ = {isa = PBXBuildFile; fileRef = 713DC6B3285396ED00AB0051 /* ChartRundownApp.swift */; };
		713DC6B6285396ED00AB0051 /* ContentView.swift in Sources */ = {isa = PBXBuildFile; fileRef = 713DC6B5285396ED00AB0051 /* ContentView.swift */; };
		713DC6B8285396EF00AB0051 /* Assets.xcassets in Resources */ = {isa = PBXBuildFile; fileRef = 713DC6B7285396EF00AB0051 /* Assets.xcassets */; };
		713DC6BB285396EF00AB0051 /* Preview Assets.xcassets in Resources */ = {isa = PBXBuildFile; fileRef = 713DC6BA285396EF00AB0051 /* Preview Assets.xcassets */; };
		713DC6C22853A0F700AB0051 /* ChartDetailView.swift in Sources */ = {isa = PBXBuildFile; fileRef = 713DC6C12853A0F700AB0051 /* ChartDetailView.swift */; };
		713DC6C52853AA3200AB0051 /* Charts in Frameworks */ = {isa = PBXBuildFile; productRef = 713DC6C42853AA3200AB0051 /* Charts */; };
		713DC6C72853C33900AB0051 /* GindiChartView.swift in Sources */ = {isa = PBXBuildFile; fileRef = 713DC6C62853C33900AB0051 /* GindiChartView.swift */; };
		713DC6CA2853CABC00AB0051 /* AWLineChart in Frameworks */ = {isa = PBXBuildFile; productRef = 713DC6C92853CABC00AB0051 /* AWLineChart */; };
		713DC6CC2853CAED00AB0051 /* AWLineChartView.swift in Sources */ = {isa = PBXBuildFile; fileRef = 713DC6CB2853CAED00AB0051 /* AWLineChartView.swift */; };
		713DC6CF28577F3D00AB0051 /* SwiftUIChart.swift in Sources */ = {isa = PBXBuildFile; fileRef = 713DC6CE28577F3D00AB0051 /* SwiftUIChart.swift */; };
		713DC6D128577F4600AB0051 /* AxisLabels.swift in Sources */ = {isa = PBXBuildFile; fileRef = 713DC6D028577F4600AB0051 /* AxisLabels.swift */; };
		713DC6D328577F4E00AB0051 /* LineChartStyle.swift in Sources */ = {isa = PBXBuildFile; fileRef = 713DC6D228577F4E00AB0051 /* LineChartStyle.swift */; };
		713DC6DB28577F7600AB0051 /* ChartStyleConfiguration.swift in Sources */ = {isa = PBXBuildFile; fileRef = 713DC6D428577F7600AB0051 /* ChartStyleConfiguration.swift */; };
		713DC6DC28577F7600AB0051 /* ChartStyleKey.swift in Sources */ = {isa = PBXBuildFile; fileRef = 713DC6D528577F7600AB0051 /* ChartStyleKey.swift */; };
		713DC6DD28577F7600AB0051 /* AnyChartStyle.swift in Sources */ = {isa = PBXBuildFile; fileRef = 713DC6D628577F7600AB0051 /* AnyChartStyle.swift */; };
		713DC6DE28577F7600AB0051 /* View+ChartStyle.swift in Sources */ = {isa = PBXBuildFile; fileRef = 713DC6D728577F7600AB0051 /* View+ChartStyle.swift */; };
		713DC6DF28577F7600AB0051 /* LineType.swift in Sources */ = {isa = PBXBuildFile; fileRef = 713DC6D828577F7600AB0051 /* LineType.swift */; };
		713DC6E028577F7600AB0051 /* ChartStyle.swift in Sources */ = {isa = PBXBuildFile; fileRef = 713DC6D928577F7600AB0051 /* ChartStyle.swift */; };
		713DC6E128577F7600AB0051 /* Environment+ChartStyle.swift in Sources */ = {isa = PBXBuildFile; fileRef = 713DC6DA28577F7600AB0051 /* Environment+ChartStyle.swift */; };
		713DC6E528577FC900AB0051 /* Shapes in Frameworks */ = {isa = PBXBuildFile; productRef = 713DC6E428577FC900AB0051 /* Shapes */; };
		713DC6E7285780BB00AB0051 /* SwiftUIChartsView.swift in Sources */ = {isa = PBXBuildFile; fileRef = 713DC6E6285780BB00AB0051 /* SwiftUIChartsView.swift */; };
		713DC6EA2857AC3500AB0051 /* SwiftUICharts in Frameworks */ = {isa = PBXBuildFile; productRef = 713DC6E92857AC3500AB0051 /* SwiftUICharts */; };
		713DC6EC2857AC6A00AB0051 /* ChartViewView.swift in Sources */ = {isa = PBXBuildFile; fileRef = 713DC6EB2857AC6A00AB0051 /* ChartViewView.swift */; };
		713DC6EF2857B6C000AB0051 /* StockCharts in Frameworks */ = {isa = PBXBuildFile; productRef = 713DC6EE2857B6C000AB0051 /* StockCharts */; };
		713DC6F12857B6D400AB0051 /* StockChartsView.swift in Sources */ = {isa = PBXBuildFile; fileRef = 713DC6F02857B6D400AB0051 /* StockChartsView.swift */; };
		713DC6F42857BA6C00AB0051 /* SwiftCharts in Frameworks */ = {isa = PBXBuildFile; productRef = 713DC6F32857BA6C00AB0051 /* SwiftCharts */; };
/* End PBXBuildFile section */

/* Begin PBXFileReference section */
		713DC6B0285396ED00AB0051 /* ChartRundown.app */ = {isa = PBXFileReference; explicitFileType = wrapper.application; includeInIndex = 0; path = ChartRundown.app; sourceTree = BUILT_PRODUCTS_DIR; };
		713DC6B3285396ED00AB0051 /* ChartRundownApp.swift */ = {isa = PBXFileReference; lastKnownFileType = sourcecode.swift; path = ChartRundownApp.swift; sourceTree = "<group>"; };
		713DC6B5285396ED00AB0051 /* ContentView.swift */ = {isa = PBXFileReference; lastKnownFileType = sourcecode.swift; path = ContentView.swift; sourceTree = "<group>"; };
		713DC6B7285396EF00AB0051 /* Assets.xcassets */ = {isa = PBXFileReference; lastKnownFileType = folder.assetcatalog; path = Assets.xcassets; sourceTree = "<group>"; };
		713DC6BA285396EF00AB0051 /* Preview Assets.xcassets */ = {isa = PBXFileReference; lastKnownFileType = folder.assetcatalog; path = "Preview Assets.xcassets"; sourceTree = "<group>"; };
		713DC6C12853A0F700AB0051 /* ChartDetailView.swift */ = {isa = PBXFileReference; lastKnownFileType = sourcecode.swift; path = ChartDetailView.swift; sourceTree = "<group>"; };
		713DC6C62853C33900AB0051 /* GindiChartView.swift */ = {isa = PBXFileReference; lastKnownFileType = sourcecode.swift; path = GindiChartView.swift; sourceTree = "<group>"; };
		713DC6CB2853CAED00AB0051 /* AWLineChartView.swift */ = {isa = PBXFileReference; lastKnownFileType = sourcecode.swift; path = AWLineChartView.swift; sourceTree = "<group>"; };
		713DC6CE28577F3D00AB0051 /* SwiftUIChart.swift */ = {isa = PBXFileReference; fileEncoding = 4; lastKnownFileType = sourcecode.swift; path = SwiftUIChart.swift; sourceTree = "<group>"; };
		713DC6D028577F4600AB0051 /* AxisLabels.swift */ = {isa = PBXFileReference; fileEncoding = 4; lastKnownFileType = sourcecode.swift; path = AxisLabels.swift; sourceTree = "<group>"; };
		713DC6D228577F4E00AB0051 /* LineChartStyle.swift */ = {isa = PBXFileReference; fileEncoding = 4; lastKnownFileType = sourcecode.swift; path = LineChartStyle.swift; sourceTree = "<group>"; };
		713DC6D428577F7600AB0051 /* ChartStyleConfiguration.swift */ = {isa = PBXFileReference; fileEncoding = 4; lastKnownFileType = sourcecode.swift; path = ChartStyleConfiguration.swift; sourceTree = "<group>"; };
		713DC6D528577F7600AB0051 /* ChartStyleKey.swift */ = {isa = PBXFileReference; fileEncoding = 4; lastKnownFileType = sourcecode.swift; path = ChartStyleKey.swift; sourceTree = "<group>"; };
		713DC6D628577F7600AB0051 /* AnyChartStyle.swift */ = {isa = PBXFileReference; fileEncoding = 4; lastKnownFileType = sourcecode.swift; path = AnyChartStyle.swift; sourceTree = "<group>"; };
		713DC6D728577F7600AB0051 /* View+ChartStyle.swift */ = {isa = PBXFileReference; fileEncoding = 4; lastKnownFileType = sourcecode.swift; path = "View+ChartStyle.swift"; sourceTree = "<group>"; };
		713DC6D828577F7600AB0051 /* LineType.swift */ = {isa = PBXFileReference; fileEncoding = 4; lastKnownFileType = sourcecode.swift; path = LineType.swift; sourceTree = "<group>"; };
		713DC6D928577F7600AB0051 /* ChartStyle.swift */ = {isa = PBXFileReference; fileEncoding = 4; lastKnownFileType = sourcecode.swift; path = ChartStyle.swift; sourceTree = "<group>"; };
		713DC6DA28577F7600AB0051 /* Environment+ChartStyle.swift */ = {isa = PBXFileReference; fileEncoding = 4; lastKnownFileType = sourcecode.swift; path = "Environment+ChartStyle.swift"; sourceTree = "<group>"; };
		713DC6E6285780BB00AB0051 /* SwiftUIChartsView.swift */ = {isa = PBXFileReference; lastKnownFileType = sourcecode.swift; path = SwiftUIChartsView.swift; sourceTree = "<group>"; };
		713DC6EB2857AC6A00AB0051 /* ChartViewView.swift */ = {isa = PBXFileReference; lastKnownFileType = sourcecode.swift; path = ChartViewView.swift; sourceTree = "<group>"; };
		713DC6F02857B6D400AB0051 /* StockChartsView.swift */ = {isa = PBXFileReference; lastKnownFileType = sourcecode.swift; path = StockChartsView.swift; sourceTree = "<group>"; };
/* End PBXFileReference section */

/* Begin PBXFrameworksBuildPhase section */
		713DC6AD285396ED00AB0051 /* Frameworks */ = {
			isa = PBXFrameworksBuildPhase;
			buildActionMask = 2147483647;
			files = (
				713DC6EF2857B6C000AB0051 /* StockCharts in Frameworks */,
				713DC6F42857BA6C00AB0051 /* SwiftCharts in Frameworks */,
				713DC6C52853AA3200AB0051 /* Charts in Frameworks */,
				713DC6EA2857AC3500AB0051 /* SwiftUICharts in Frameworks */,
				713DC6E528577FC900AB0051 /* Shapes in Frameworks */,
				713DC6CA2853CABC00AB0051 /* AWLineChart in Frameworks */,
			);
			runOnlyForDeploymentPostprocessing = 0;
		};
/* End PBXFrameworksBuildPhase section */

/* Begin PBXGroup section */
		713DC6A7285396ED00AB0051 = {
			isa = PBXGroup;
			children = (
				713DC6B2285396ED00AB0051 /* ChartRundown */,
				713DC6B1285396ED00AB0051 /* Products */,
			);
			sourceTree = "<group>";
		};
		713DC6B1285396ED00AB0051 /* Products */ = {
			isa = PBXGroup;
			children = (
				713DC6B0285396ED00AB0051 /* ChartRundown.app */,
			);
			name = Products;
			sourceTree = "<group>";
		};
		713DC6B2285396ED00AB0051 /* ChartRundown */ = {
			isa = PBXGroup;
			children = (
				713DC6B3285396ED00AB0051 /* ChartRundownApp.swift */,
				713DC6B5285396ED00AB0051 /* ContentView.swift */,
				713DC6C12853A0F700AB0051 /* ChartDetailView.swift */,
				713DC6C62853C33900AB0051 /* GindiChartView.swift */,
				713DC6E6285780BB00AB0051 /* SwiftUIChartsView.swift */,
				713DC6EB2857AC6A00AB0051 /* ChartViewView.swift */,
				713DC6F02857B6D400AB0051 /* StockChartsView.swift */,
				713DC6CB2853CAED00AB0051 /* AWLineChartView.swift */,
				713DC6E228577F8800AB0051 /* SwiftUICharts */,
				713DC6B7285396EF00AB0051 /* Assets.xcassets */,
				713DC6B9285396EF00AB0051 /* Preview Content */,
			);
			path = ChartRundown;
			sourceTree = "<group>";
		};
		713DC6B9285396EF00AB0051 /* Preview Content */ = {
			isa = PBXGroup;
			children = (
				713DC6BA285396EF00AB0051 /* Preview Assets.xcassets */,
			);
			path = "Preview Content";
			sourceTree = "<group>";
		};
		713DC6E228577F8800AB0051 /* SwiftUICharts */ = {
			isa = PBXGroup;
			children = (
				713DC6CE28577F3D00AB0051 /* SwiftUIChart.swift */,
				713DC6D028577F4600AB0051 /* AxisLabels.swift */,
				713DC6D228577F4E00AB0051 /* LineChartStyle.swift */,
				713DC6D628577F7600AB0051 /* AnyChartStyle.swift */,
				713DC6D928577F7600AB0051 /* ChartStyle.swift */,
				713DC6D428577F7600AB0051 /* ChartStyleConfiguration.swift */,
				713DC6D528577F7600AB0051 /* ChartStyleKey.swift */,
				713DC6DA28577F7600AB0051 /* Environment+ChartStyle.swift */,
				713DC6D828577F7600AB0051 /* LineType.swift */,
				713DC6D728577F7600AB0051 /* View+ChartStyle.swift */,
			);
			path = SwiftUICharts;
			sourceTree = "<group>";
		};
/* End PBXGroup section */

/* Begin PBXNativeTarget section */
		713DC6AF285396ED00AB0051 /* ChartRundown */ = {
			isa = PBXNativeTarget;
			buildConfigurationList = 713DC6BE285396EF00AB0051 /* Build configuration list for PBXNativeTarget "ChartRundown" */;
			buildPhases = (
				713DC6AC285396ED00AB0051 /* Sources */,
				713DC6AD285396ED00AB0051 /* Frameworks */,
				713DC6AE285396ED00AB0051 /* Resources */,
			);
			buildRules = (
			);
			dependencies = (
			);
			name = ChartRundown;
			packageProductDependencies = (
				713DC6C42853AA3200AB0051 /* Charts */,
				713DC6C92853CABC00AB0051 /* AWLineChart */,
				713DC6E428577FC900AB0051 /* Shapes */,
				713DC6E92857AC3500AB0051 /* SwiftUICharts */,
				713DC6EE2857B6C000AB0051 /* StockCharts */,
				713DC6F32857BA6C00AB0051 /* SwiftCharts */,
			);
			productName = ChartRundown;
			productReference = 713DC6B0285396ED00AB0051 /* ChartRundown.app */;
			productType = "com.apple.product-type.application";
		};
/* End PBXNativeTarget section */

/* Begin PBXProject section */
		713DC6A8285396ED00AB0051 /* Project object */ = {
			isa = PBXProject;
			attributes = {
				BuildIndependentTargetsInParallel = 1;
				LastSwiftUpdateCheck = 1340;
				LastUpgradeCheck = 1340;
				TargetAttributes = {
					713DC6AF285396ED00AB0051 = {
						CreatedOnToolsVersion = 13.4.1;
					};
				};
			};
			buildConfigurationList = 713DC6AB285396ED00AB0051 /* Build configuration list for PBXProject "ChartRundown" */;
			compatibilityVersion = "Xcode 13.0";
			developmentRegion = en;
			hasScannedForEncodings = 0;
			knownRegions = (
				en,
				Base,
			);
			mainGroup = 713DC6A7285396ED00AB0051;
			packageReferences = (
				713DC6C32853AA3200AB0051 /* XCRemoteSwiftPackageReference "Charts" */,
				713DC6C82853CABC00AB0051 /* XCRemoteSwiftPackageReference "AWLineChart" */,
				713DC6E328577FC900AB0051 /* XCRemoteSwiftPackageReference "swiftui-shapes" */,
				713DC6E82857AC3500AB0051 /* XCRemoteSwiftPackageReference "ChartView" */,
				713DC6ED2857B6C000AB0051 /* XCRemoteSwiftPackageReference "stock-charts" */,
				713DC6F22857BA6C00AB0051 /* XCRemoteSwiftPackageReference "SwiftCharts" */,
			);
			productRefGroup = 713DC6B1285396ED00AB0051 /* Products */;
			projectDirPath = "";
			projectRoot = "";
			targets = (
				713DC6AF285396ED00AB0051 /* ChartRundown */,
			);
		};
/* End PBXProject section */

/* Begin PBXResourcesBuildPhase section */
		713DC6AE285396ED00AB0051 /* Resources */ = {
			isa = PBXResourcesBuildPhase;
			buildActionMask = 2147483647;
			files = (
				713DC6BB285396EF00AB0051 /* Preview Assets.xcassets in Resources */,
				713DC6B8285396EF00AB0051 /* Assets.xcassets in Resources */,
			);
			runOnlyForDeploymentPostprocessing = 0;
		};
/* End PBXResourcesBuildPhase section */

/* Begin PBXSourcesBuildPhase section */
		713DC6AC285396ED00AB0051 /* Sources */ = {
			isa = PBXSourcesBuildPhase;
			buildActionMask = 2147483647;
			files = (
				713DC6F12857B6D400AB0051 /* StockChartsView.swift in Sources */,
				713DC6CF28577F3D00AB0051 /* SwiftUIChart.swift in Sources */,
				713DC6EC2857AC6A00AB0051 /* ChartViewView.swift in Sources */,
				713DC6B6285396ED00AB0051 /* ContentView.swift in Sources */,
				713DC6DC28577F7600AB0051 /* ChartStyleKey.swift in Sources */,
				713DC6D328577F4E00AB0051 /* LineChartStyle.swift in Sources */,
				713DC6C22853A0F700AB0051 /* ChartDetailView.swift in Sources */,
				713DC6DD28577F7600AB0051 /* AnyChartStyle.swift in Sources */,
				713DC6E028577F7600AB0051 /* ChartStyle.swift in Sources */,
				713DC6E128577F7600AB0051 /* Environment+ChartStyle.swift in Sources */,
				713DC6B4285396ED00AB0051 /* ChartRundownApp.swift in Sources */,
				713DC6CC2853CAED00AB0051 /* AWLineChartView.swift in Sources */,
				713DC6DB28577F7600AB0051 /* ChartStyleConfiguration.swift in Sources */,
				713DC6DF28577F7600AB0051 /* LineType.swift in Sources */,
				713DC6DE28577F7600AB0051 /* View+ChartStyle.swift in Sources */,
				713DC6E7285780BB00AB0051 /* SwiftUIChartsView.swift in Sources */,
				713DC6D128577F4600AB0051 /* AxisLabels.swift in Sources */,
				713DC6C72853C33900AB0051 /* GindiChartView.swift in Sources */,
			);
			runOnlyForDeploymentPostprocessing = 0;
		};
/* End PBXSourcesBuildPhase section */

/* Begin XCBuildConfiguration section */
		713DC6BC285396EF00AB0051 /* Debug */ = {
			isa = XCBuildConfiguration;
			buildSettings = {
				ALWAYS_SEARCH_USER_PATHS = NO;
				CLANG_ANALYZER_NONNULL = YES;
				CLANG_ANALYZER_NUMBER_OBJECT_CONVERSION = YES_AGGRESSIVE;
				CLANG_CXX_LANGUAGE_STANDARD = "gnu++17";
				CLANG_ENABLE_MODULES = YES;
				CLANG_ENABLE_OBJC_ARC = YES;
				CLANG_ENABLE_OBJC_WEAK = YES;
				CLANG_WARN_BLOCK_CAPTURE_AUTORELEASING = YES;
				CLANG_WARN_BOOL_CONVERSION = YES;
				CLANG_WARN_COMMA = YES;
				CLANG_WARN_CONSTANT_CONVERSION = YES;
				CLANG_WARN_DEPRECATED_OBJC_IMPLEMENTATIONS = YES;
				CLANG_WARN_DIRECT_OBJC_ISA_USAGE = YES_ERROR;
				CLANG_WARN_DOCUMENTATION_COMMENTS = YES;
				CLANG_WARN_EMPTY_BODY = YES;
				CLANG_WARN_ENUM_CONVERSION = YES;
				CLANG_WARN_INFINITE_RECURSION = YES;
				CLANG_WARN_INT_CONVERSION = YES;
				CLANG_WARN_NON_LITERAL_NULL_CONVERSION = YES;
				CLANG_WARN_OBJC_IMPLICIT_RETAIN_SELF = YES;
				CLANG_WARN_OBJC_LITERAL_CONVERSION = YES;
				CLANG_WARN_OBJC_ROOT_CLASS = YES_ERROR;
				CLANG_WARN_QUOTED_INCLUDE_IN_FRAMEWORK_HEADER = YES;
				CLANG_WARN_RANGE_LOOP_ANALYSIS = YES;
				CLANG_WARN_STRICT_PROTOTYPES = YES;
				CLANG_WARN_SUSPICIOUS_MOVE = YES;
				CLANG_WARN_UNGUARDED_AVAILABILITY = YES_AGGRESSIVE;
				CLANG_WARN_UNREACHABLE_CODE = YES;
				CLANG_WARN__DUPLICATE_METHOD_MATCH = YES;
				COPY_PHASE_STRIP = NO;
				DEBUG_INFORMATION_FORMAT = dwarf;
				ENABLE_STRICT_OBJC_MSGSEND = YES;
				ENABLE_TESTABILITY = YES;
				GCC_C_LANGUAGE_STANDARD = gnu11;
				GCC_DYNAMIC_NO_PIC = NO;
				GCC_NO_COMMON_BLOCKS = YES;
				GCC_OPTIMIZATION_LEVEL = 0;
				GCC_PREPROCESSOR_DEFINITIONS = (
					"DEBUG=1",
					"$(inherited)",
				);
				GCC_WARN_64_TO_32_BIT_CONVERSION = YES;
				GCC_WARN_ABOUT_RETURN_TYPE = YES_ERROR;
				GCC_WARN_UNDECLARED_SELECTOR = YES;
				GCC_WARN_UNINITIALIZED_AUTOS = YES_AGGRESSIVE;
				GCC_WARN_UNUSED_FUNCTION = YES;
				GCC_WARN_UNUSED_VARIABLE = YES;
				IPHONEOS_DEPLOYMENT_TARGET = 15.5;
				MTL_ENABLE_DEBUG_INFO = INCLUDE_SOURCE;
				MTL_FAST_MATH = YES;
				ONLY_ACTIVE_ARCH = YES;
				SDKROOT = iphoneos;
				SWIFT_ACTIVE_COMPILATION_CONDITIONS = DEBUG;
				SWIFT_OPTIMIZATION_LEVEL = "-Onone";
			};
			name = Debug;
		};
		713DC6BD285396EF00AB0051 /* Release */ = {
			isa = XCBuildConfiguration;
			buildSettings = {
				ALWAYS_SEARCH_USER_PATHS = NO;
				CLANG_ANALYZER_NONNULL = YES;
				CLANG_ANALYZER_NUMBER_OBJECT_CONVERSION = YES_AGGRESSIVE;
				CLANG_CXX_LANGUAGE_STANDARD = "gnu++17";
				CLANG_ENABLE_MODULES = YES;
				CLANG_ENABLE_OBJC_ARC = YES;
				CLANG_ENABLE_OBJC_WEAK = YES;
				CLANG_WARN_BLOCK_CAPTURE_AUTORELEASING = YES;
				CLANG_WARN_BOOL_CONVERSION = YES;
				CLANG_WARN_COMMA = YES;
				CLANG_WARN_CONSTANT_CONVERSION = YES;
				CLANG_WARN_DEPRECATED_OBJC_IMPLEMENTATIONS = YES;
				CLANG_WARN_DIRECT_OBJC_ISA_USAGE = YES_ERROR;
				CLANG_WARN_DOCUMENTATION_COMMENTS = YES;
				CLANG_WARN_EMPTY_BODY = YES;
				CLANG_WARN_ENUM_CONVERSION = YES;
				CLANG_WARN_INFINITE_RECURSION = YES;
				CLANG_WARN_INT_CONVERSION = YES;
				CLANG_WARN_NON_LITERAL_NULL_CONVERSION = YES;
				CLANG_WARN_OBJC_IMPLICIT_RETAIN_SELF = YES;
				CLANG_WARN_OBJC_LITERAL_CONVERSION = YES;
				CLANG_WARN_OBJC_ROOT_CLASS = YES_ERROR;
				CLANG_WARN_QUOTED_INCLUDE_IN_FRAMEWORK_HEADER = YES;
				CLANG_WARN_RANGE_LOOP_ANALYSIS = YES;
				CLANG_WARN_STRICT_PROTOTYPES = YES;
				CLANG_WARN_SUSPICIOUS_MOVE = YES;
				CLANG_WARN_UNGUARDED_AVAILABILITY = YES_AGGRESSIVE;
				CLANG_WARN_UNREACHABLE_CODE = YES;
				CLANG_WARN__DUPLICATE_METHOD_MATCH = YES;
				COPY_PHASE_STRIP = NO;
				DEBUG_INFORMATION_FORMAT = "dwarf-with-dsym";
				ENABLE_NS_ASSERTIONS = NO;
				ENABLE_STRICT_OBJC_MSGSEND = YES;
				GCC_C_LANGUAGE_STANDARD = gnu11;
				GCC_NO_COMMON_BLOCKS = YES;
				GCC_WARN_64_TO_32_BIT_CONVERSION = YES;
				GCC_WARN_ABOUT_RETURN_TYPE = YES_ERROR;
				GCC_WARN_UNDECLARED_SELECTOR = YES;
				GCC_WARN_UNINITIALIZED_AUTOS = YES_AGGRESSIVE;
				GCC_WARN_UNUSED_FUNCTION = YES;
				GCC_WARN_UNUSED_VARIABLE = YES;
				IPHONEOS_DEPLOYMENT_TARGET = 15.5;
				MTL_ENABLE_DEBUG_INFO = NO;
				MTL_FAST_MATH = YES;
				SDKROOT = iphoneos;
				SWIFT_COMPILATION_MODE = wholemodule;
				SWIFT_OPTIMIZATION_LEVEL = "-O";
				VALIDATE_PRODUCT = YES;
			};
			name = Release;
		};
		713DC6BF285396EF00AB0051 /* Debug */ = {
			isa = XCBuildConfiguration;
			buildSettings = {
				ASSETCATALOG_COMPILER_APPICON_NAME = AppIcon;
				ASSETCATALOG_COMPILER_GLOBAL_ACCENT_COLOR_NAME = AccentColor;
				CODE_SIGN_STYLE = Automatic;
				CURRENT_PROJECT_VERSION = 1;
				DEVELOPMENT_ASSET_PATHS = "\"ChartRundown/Preview Content\"";
				ENABLE_PREVIEWS = YES;
				GENERATE_INFOPLIST_FILE = YES;
				INFOPLIST_KEY_UIApplicationSceneManifest_Generation = YES;
				INFOPLIST_KEY_UIApplicationSupportsIndirectInputEvents = YES;
				INFOPLIST_KEY_UILaunchScreen_Generation = YES;
				INFOPLIST_KEY_UISupportedInterfaceOrientations_iPad = "UIInterfaceOrientationPortrait UIInterfaceOrientationPortraitUpsideDown UIInterfaceOrientationLandscapeLeft UIInterfaceOrientationLandscapeRight";
				INFOPLIST_KEY_UISupportedInterfaceOrientations_iPhone = "UIInterfaceOrientationPortrait UIInterfaceOrientationLandscapeLeft UIInterfaceOrientationLandscapeRight";
				LD_RUNPATH_SEARCH_PATHS = (
					"$(inherited)",
					"@executable_path/Frameworks",
				);
				MARKETING_VERSION = 1.0;
				PRODUCT_BUNDLE_IDENTIFIER = com.wexinc.ChartRundown;
				PRODUCT_NAME = "$(TARGET_NAME)";
				SWIFT_EMIT_LOC_STRINGS = YES;
				SWIFT_VERSION = 5.0;
				TARGETED_DEVICE_FAMILY = "1,2";
			};
			name = Debug;
		};
		713DC6C0285396EF00AB0051 /* Release */ = {
			isa = XCBuildConfiguration;
			buildSettings = {
				ASSETCATALOG_COMPILER_APPICON_NAME = AppIcon;
				ASSETCATALOG_COMPILER_GLOBAL_ACCENT_COLOR_NAME = AccentColor;
				CODE_SIGN_STYLE = Automatic;
				CURRENT_PROJECT_VERSION = 1;
				DEVELOPMENT_ASSET_PATHS = "\"ChartRundown/Preview Content\"";
				ENABLE_PREVIEWS = YES;
				GENERATE_INFOPLIST_FILE = YES;
				INFOPLIST_KEY_UIApplicationSceneManifest_Generation = YES;
				INFOPLIST_KEY_UIApplicationSupportsIndirectInputEvents = YES;
				INFOPLIST_KEY_UILaunchScreen_Generation = YES;
				INFOPLIST_KEY_UISupportedInterfaceOrientations_iPad = "UIInterfaceOrientationPortrait UIInterfaceOrientationPortraitUpsideDown UIInterfaceOrientationLandscapeLeft UIInterfaceOrientationLandscapeRight";
				INFOPLIST_KEY_UISupportedInterfaceOrientations_iPhone = "UIInterfaceOrientationPortrait UIInterfaceOrientationLandscapeLeft UIInterfaceOrientationLandscapeRight";
				LD_RUNPATH_SEARCH_PATHS = (
					"$(inherited)",
					"@executable_path/Frameworks",
				);
				MARKETING_VERSION = 1.0;
				PRODUCT_BUNDLE_IDENTIFIER = com.wexinc.ChartRundown;
				PRODUCT_NAME = "$(TARGET_NAME)";
				SWIFT_EMIT_LOC_STRINGS = YES;
				SWIFT_VERSION = 5.0;
				TARGETED_DEVICE_FAMILY = "1,2";
			};
			name = Release;
		};
/* End XCBuildConfiguration section */

/* Begin XCConfigurationList section */
		713DC6AB285396ED00AB0051 /* Build configuration list for PBXProject "ChartRundown" */ = {
			isa = XCConfigurationList;
			buildConfigurations = (
				713DC6BC285396EF00AB0051 /* Debug */,
				713DC6BD285396EF00AB0051 /* Release */,
			);
			defaultConfigurationIsVisible = 0;
			defaultConfigurationName = Release;
		};
		713DC6BE285396EF00AB0051 /* Build configuration list for PBXNativeTarget "ChartRundown" */ = {
			isa = XCConfigurationList;
			buildConfigurations = (
				713DC6BF285396EF00AB0051 /* Debug */,
				713DC6C0285396EF00AB0051 /* Release */,
			);
			defaultConfigurationIsVisible = 0;
			defaultConfigurationName = Release;
		};
/* End XCConfigurationList section */

/* Begin XCRemoteSwiftPackageReference section */
		713DC6C32853AA3200AB0051 /* XCRemoteSwiftPackageReference "Charts" */ = {
			isa = XCRemoteSwiftPackageReference;
			repositoryURL = "https://github.com/danielgindi/Charts";
			requirement = {
				kind = upToNextMajorVersion;
				minimumVersion = 3.0.0;
			};
		};
		713DC6C82853CABC00AB0051 /* XCRemoteSwiftPackageReference "AWLineChart" */ = {
			isa = XCRemoteSwiftPackageReference;
			repositoryURL = "https://github.com/tana90/AWLineChart";
			requirement = {
				branch = master;
				kind = branch;
			};
		};
		713DC6E328577FC900AB0051 /* XCRemoteSwiftPackageReference "swiftui-shapes" */ = {
			isa = XCRemoteSwiftPackageReference;
			repositoryURL = "https://github.com/spacenation/swiftui-shapes";
			requirement = {
				kind = upToNextMajorVersion;
				minimumVersion = 1.0.0;
			};
		};
		713DC6E82857AC3500AB0051 /* XCRemoteSwiftPackageReference "ChartView" */ = {
			isa = XCRemoteSwiftPackageReference;
			repositoryURL = "https://github.com/AppPear/ChartView";
			requirement = {
				kind = upToNextMajorVersion;
				minimumVersion = 1.0.0;
			};
		};
		713DC6ED2857B6C000AB0051 /* XCRemoteSwiftPackageReference "stock-charts" */ = {
			isa = XCRemoteSwiftPackageReference;
			repositoryURL = "https://github.com/denniscm190/stock-charts";
			requirement = {
				kind = upToNextMajorVersion;
				minimumVersion = 1.0.0;
			};
		};
		713DC6F22857BA6C00AB0051 /* XCRemoteSwiftPackageReference "SwiftCharts" */ = {
			isa = XCRemoteSwiftPackageReference;
			repositoryURL = "https://github.com/ivanschuetz/SwiftCharts";
			requirement = {
				branch = master;
				kind = branch;
			};
		};
/* End XCRemoteSwiftPackageReference section */

/* Begin XCSwiftPackageProductDependency section */
		713DC6C42853AA3200AB0051 /* Charts */ = {
			isa = XCSwiftPackageProductDependency;
			package = 713DC6C32853AA3200AB0051 /* XCRemoteSwiftPackageReference "Charts" */;
			productName = Charts;
		};
		713DC6C92853CABC00AB0051 /* AWLineChart */ = {
			isa = XCSwiftPackageProductDependency;
			package = 713DC6C82853CABC00AB0051 /* XCRemoteSwiftPackageReference "AWLineChart" */;
			productName = AWLineChart;
		};
		713DC6E428577FC900AB0051 /* Shapes */ = {
			isa = XCSwiftPackageProductDependency;
			package = 713DC6E328577FC900AB0051 /* XCRemoteSwiftPackageReference "swiftui-shapes" */;
			productName = Shapes;
		};
		713DC6E92857AC3500AB0051 /* SwiftUICharts */ = {
			isa = XCSwiftPackageProductDependency;
			package = 713DC6E82857AC3500AB0051 /* XCRemoteSwiftPackageReference "ChartView" */;
			productName = SwiftUICharts;
		};
		713DC6EE2857B6C000AB0051 /* StockCharts */ = {
			isa = XCSwiftPackageProductDependency;
			package = 713DC6ED2857B6C000AB0051 /* XCRemoteSwiftPackageReference "stock-charts" */;
			productName = StockCharts;
		};
		713DC6F32857BA6C00AB0051 /* SwiftCharts */ = {
			isa = XCSwiftPackageProductDependency;
			package = 713DC6F22857BA6C00AB0051 /* XCRemoteSwiftPackageReference "SwiftCharts" */;
			productName = SwiftCharts;
		};
/* End XCSwiftPackageProductDependency section */
	};
	rootObject = 713DC6A8285396ED00AB0051 /* Project object */;
}
