{
  "pins" : [
    {
      "identity" : "awlinechart",
      "kind" : "remoteSourceControl",
      "location" : "https://github.com/tana90/AWLineChart",
      "state" : {
        "branch" : "master",
        "revision" : "bf09558410ed19009ac243304ad69001e3cafc67"
      }
    },
    {
      "identity" : "charts",
      "kind" : "remoteSourceControl",
      "location" : "https://github.com/danielgindi/Charts",
      "state" : {
        "revision" : "66546404a6739173b8e436ab6bc1f2897cd08594",
        "version" : "3.6.0"
      }
    }
  ],
  "version" : 2
}
